<?xml version="1.0" encoding="utf-8"?>
<Project ToolsVersion="4.0" xmlns="http://schemas.microsoft.com/developer/msbuild/2003">
  <ItemGroup>
    <Filter Include="Resource Files">
      <UniqueIdentifier>{67DA6AB6-F800-4c08-8B7A-83BB121AAD01}</UniqueIdentifier>
      <Extensions>rc;ico;cur;bmp;dlg;rc2;rct;bin;rgs;gif;jpg;jpeg;jpe;resx;tiff;tif;png;wav;mfcribbon-ms</Extensions>
    </Filter>
    <Filter Include="Intro">
      <UniqueIdentifier>{29e75271-fc93-4d43-a5bd-d81f1d517403}</UniqueIdentifier>
    </Filter>
    <Filter Include="Scenes">
      <UniqueIdentifier>{73d037c1-b06a-4f31-a53a-edb5f5b9a7b0}</UniqueIdentifier>
    </Filter>
    <Filter Include="Scenes\Menu">
      <UniqueIdentifier>{44d03ef0-94ac-4a7d-86a3-4d41355a5ad9}</UniqueIdentifier>
    </Filter>
    <Filter Include="Scenes\Gameplay">
      <UniqueIdentifier>{498177c2-051a-4ce7-89c2-39d9bc15b65e}</UniqueIdentifier>
    </Filter>
    <Filter Include="Scenes\Gameplay\Objects">
      <UniqueIdentifier>{d5408565-b214-4cd0-afd0-4c31c6362ce9}</UniqueIdentifier>
    </Filter>
  </ItemGroup>
  <ItemGroup>
    <ClCompile Include="..\src\Intro\Intro.cpp">
      <Filter>Intro</Filter>
    </ClCompile>
    <ClCompile Include="..\src\Intro\Ultimate Asteroids.cpp">
      <Filter>Intro</Filter>
    </ClCompile>
    <ClCompile Include="..\src\Scenes\GameManager.cpp">
      <Filter>Scenes</Filter>
    </ClCompile>
    <ClCompile Include="..\src\Scenes\Menu\Menu.cpp">
      <Filter>Scenes\Menu</Filter>
    </ClCompile>
    <ClCompile Include="..\src\Scenes\Gameplay\Game.cpp">
      <Filter>Scenes\Gameplay</Filter>
    </ClCompile>
    <ClCompile Include="..\src\Scenes\Gameplay\Objects\Player.cpp">
      <Filter>Scenes\Gameplay\Objects</Filter>
    </ClCompile>
    <ClCompile Include="..\src\Scenes\Gameplay\Objects\Shoot.cpp">
      <Filter>Scenes\Gameplay\Objects</Filter>
    </ClCompile>
    <ClCompile Include="..\src\Scenes\Gameplay\Objects\Textures.cpp">
      <Filter>Scenes\Gameplay\Objects</Filter>
    </ClCompile>
  </ItemGroup>
  <ItemGroup>
    <ClInclude Include="..\src\Intro\Intro.h">
      <Filter>Intro</Filter>
    </ClInclude>
    <ClInclude Include="..\src\Scenes\GameManager.h">
      <Filter>Scenes</Filter>
    </ClInclude>
    <ClInclude Include="..\src\Scenes\Menu\Menu.h">
      <Filter>Scenes\Menu</Filter>
    </ClInclude>
    <ClInclude Include="..\src\Scenes\Gameplay\Game.h">
      <Filter>Scenes\Gameplay</Filter>
    </ClInclude>
    <ClInclude Include="..\src\Scenes\Gameplay\Objects\Player.h">
      <Filter>Scenes\Gameplay\Objects</Filter>
    </ClInclude>
    <ClInclude Include="..\src\Scenes\Gameplay\Objects\Shoot.h">
      <Filter>Scenes\Gameplay\Objects</Filter>
    </ClInclude>
    <ClInclude Include="..\src\Scenes\Gameplay\Objects\Textures.h">
      <Filter>Scenes\Gameplay\Objects</Filter>
    </ClInclude>
  </ItemGroup>
</Project>